
Microsoft Visual Studio Solution File, Format Version 12.00
# Visual Studio Version 17
VisualStudioVersion = 17.7.34202.233
MinimumVisualStudioVersion = 10.0.40219.1
Project("{9A19103F-16F7-4668-BE54-9A1E7A4F7556}") = "TaurusMessengerClient", "TaurusMessengerClient\TaurusMessengerClient.csproj", "{068F1987-CF69-4520-BEF4-A8932A54B488}"
EndProject
Project("{9A19103F-16F7-4668-BE54-9A1E7A4F7556}") = "TaurusMessengerServer", "TaurusMessengerServer\TaurusMessengerServer.csproj", "{12BABB8C-C150-4B8F-BE62-18C630CE136C}"
EndProject
Project("{9A19103F-16F7-4668-BE54-9A1E7A4F7556}") = "TaurusMessenger.Shared", "TaurusMessenger.Shared\TaurusMessenger.Shared.csproj", "{AE5CFBF5-5673-48FA-AD2B-0E5CFD7FE346}"
EndProject
Global
	GlobalSection(SolutionConfigurationPlatforms) = preSolution
		Debug|Any CPU = Debug|Any CPU
		Release|Any CPU = Release|Any CPU
	EndGlobalSection
	GlobalSection(ProjectConfigurationPlatforms) = postSolution
		{068F1987-CF69-4520-BEF4-A8932A54B488}.Debug|Any CPU.ActiveCfg = Debug|Any CPU
		{068F1987-CF69-4520-BEF4-A8932A54B488}.Debug|Any CPU.Build.0 = Debug|Any CPU
		{068F1987-CF69-4520-BEF4-A8932A54B488}.Debug|Any CPU.Deploy.0 = Debug|Any CPU
		{068F1987-CF69-4520-BEF4-A8932A54B488}.Release|Any CPU.ActiveCfg = Release|Any CPU
		{068F1987-CF69-4520-BEF4-A8932A54B488}.Release|Any CPU.Build.0 = Release|Any CPU
		{068F1987-CF69-4520-BEF4-A8932A54B488}.Release|Any CPU.Deploy.0 = Release|Any CPU
		{12BABB8C-C150-4B8F-BE62-18C630CE136C}.Debug|Any CPU.ActiveCfg = Debug|Any CPU
		{12BABB8C-C150-4B8F-BE62-18C630CE136C}.Debug|Any CPU.Build.0 = Debug|Any CPU
		{12BABB8C-C150-4B8F-BE62-18C630CE136C}.Release|Any CPU.ActiveCfg = Release|Any CPU
		{12BABB8C-C150-4B8F-BE62-18C630CE136C}.Release|Any CPU.Build.0 = Release|Any CPU
		{AE5CFBF5-5673-48FA-AD2B-0E5CFD7FE346}.Debug|Any CPU.ActiveCfg = Debug|Any CPU
		{AE5CFBF5-5673-48FA-AD2B-0E5CFD7FE346}.Debug|Any CPU.Build.0 = Debug|Any CPU
		{AE5CFBF5-5673-48FA-AD2B-0E5CFD7FE346}.Release|Any CPU.ActiveCfg = Release|Any CPU
		{AE5CFBF5-5673-48FA-AD2B-0E5CFD7FE346}.Release|Any CPU.Build.0 = Release|Any CPU
	EndGlobalSection
	GlobalSection(SolutionProperties) = preSolution
		HideSolutionNode = FALSE
	EndGlobalSection
	GlobalSection(ExtensibilityGlobals) = postSolution
		SolutionGuid = {37BD8186-5270-4598-9054-97C805FDC688}
	EndGlobalSection
EndGlobal
